
Microsoft Visual Studio Solution File, Format Version 12.00
# Visual Studio Version 16
VisualStudioVersion = 16.0.31410.223
MinimumVisualStudioVersion = 10.0.40219.1
Project("{9A19103F-16F7-4668-BE54-9A1E7A4F7556}") = "Innovativo", "Innovativo.csproj", "{2B54B10C-2375-4EFE-9D77-71FE40710150}"
EndProject
Global
	GlobalSection(SolutionConfigurationPlatforms) = preSolution
		Debug|Any CPU = Debug|Any CPU
		Release|Any CPU = Release|Any CPU
	EndGlobalSection
	GlobalSection(ProjectConfigurationPlatforms) = postSolution
		{2B54B10C-2375-4EFE-9D77-71FE40710150}.Debug|Any CPU.ActiveCfg = Debug|Any CPU
		{2B54B10C-2375-4EFE-9D77-71FE40710150}.Debug|Any CPU.Build.0 = Debug|Any CPU
		{2B54B10C-2375-4EFE-9D77-71FE40710150}.Release|Any CPU.ActiveCfg = Release|Any CPU
		{2B54B10C-2375-4EFE-9D77-71FE40710150}.Release|Any CPU.Build.0 = Release|Any CPU
	EndGlobalSection
	GlobalSection(SolutionProperties) = preSolution
		HideSolutionNode = FALSE
	EndGlobalSection
	GlobalSection(ExtensibilityGlobals) = postSolution
		SolutionGuid = {AD196C0F-84DC-4077-BF1B-B150F4394C82}
	EndGlobalSection
EndGlobal
